
Microsoft Visual Studio Solution File, Format Version 12.00
# Visual Studio Version 17
VisualStudioVersion = 17.0.31903.59
MinimumVisualStudioVersion = 10.0.40219.1
Project("{FAE04EC0-301F-11D3-BF4B-00C04F79EFBC}") = "PlusOneX.Site", "PlusOneX.Site\PlusOneX.Site.csproj", "{19ED2CF6-1F57-4860-8B66-0869BF48045D}"
EndProject
Global
	GlobalSection(SolutionConfigurationPlatforms) = preSolution
		Debug|Any CPU = Debug|Any CPU
		Release|Any CPU = Release|Any CPU
	EndGlobalSection
	GlobalSection(SolutionProperties) = preSolution
		HideSolutionNode = FALSE
	EndGlobalSection
	GlobalSection(ProjectConfigurationPlatforms) = postSolution
		{19ED2CF6-1F57-4860-8B66-0869BF48045D}.Debug|Any CPU.ActiveCfg = Debug|Any CPU
		{19ED2CF6-1F57-4860-8B66-0869BF48045D}.Debug|Any CPU.Build.0 = Debug|Any CPU
		{19ED2CF6-1F57-4860-8B66-0869BF48045D}.Release|Any CPU.ActiveCfg = Release|Any CPU
		{19ED2CF6-1F57-4860-8B66-0869BF48045D}.Release|Any CPU.Build.0 = Release|Any CPU
	EndGlobalSection
EndGlobal
